
Microsoft Visual Studio Solution File, Format Version 12.00
# Visual Studio 15
VisualStudioVersion = 15.0.27428.2037
MinimumVisualStudioVersion = 10.0.40219.1
Project("{FAE04EC0-301F-11D3-BF4B-00C04F79EFBC}") = "PhotoAlbum", "PhotoAlbum\PhotoAlbum.csproj", "{712659A8-167B-4FE4-8CA6-94813B25734B}"
EndProject
Project("{FAE04EC0-301F-11D3-BF4B-00C04F79EFBC}") = "UnitTests", "UnitTests\UnitTests.csproj", "{5A275D46-1EBE-4619-9959-B80A773A68E5}"
EndProject
Global
	GlobalSection(SolutionConfigurationPlatforms) = preSolution
		Debug|Any CPU = Debug|Any CPU
		Release|Any CPU = Release|Any CPU
	EndGlobalSection
	GlobalSection(ProjectConfigurationPlatforms) = postSolution
		{712659A8-167B-4FE4-8CA6-94813B25734B}.Debug|Any CPU.ActiveCfg = Debug|Any CPU
		{712659A8-167B-4FE4-8CA6-94813B25734B}.Debug|Any CPU.Build.0 = Debug|Any CPU
		{712659A8-167B-4FE4-8CA6-94813B25734B}.Release|Any CPU.ActiveCfg = Release|Any CPU
		{712659A8-167B-4FE4-8CA6-94813B25734B}.Release|Any CPU.Build.0 = Release|Any CPU
		{5A275D46-1EBE-4619-9959-B80A773A68E5}.Debug|Any CPU.ActiveCfg = Debug|Any CPU
		{5A275D46-1EBE-4619-9959-B80A773A68E5}.Debug|Any CPU.Build.0 = Debug|Any CPU
		{5A275D46-1EBE-4619-9959-B80A773A68E5}.Release|Any CPU.ActiveCfg = Release|Any CPU
		{5A275D46-1EBE-4619-9959-B80A773A68E5}.Release|Any CPU.Build.0 = Release|Any CPU
	EndGlobalSection
	GlobalSection(SolutionProperties) = preSolution
		HideSolutionNode = FALSE
	EndGlobalSection
	GlobalSection(ExtensibilityGlobals) = postSolution
		SolutionGuid = {DD7056E8-A7D9-43D7-8075-F9E7297FE7B9}
	EndGlobalSection
EndGlobal
